
Microsoft Visual Studio Solution File, Format Version 12.00
# Visual Studio Version 17
VisualStudioVersion = 17.4.33213.308
MinimumVisualStudioVersion = 10.0.40219.1
Project("{FAE04EC0-301F-11D3-BF4B-00C04F79EFBC}") = "CGMV", "CGMV\CGMV.csproj", "{0DBF27B9-4DE9-48B8-9E57-AE242F113863}"
EndProject
Project("{FAE04EC0-301F-11D3-BF4B-00C04F79EFBC}") = "Entiteti", "Entiteti\Entiteti.csproj", "{24005223-4FD7-4355-B597-68F776F7A30D}"
EndProject
Global
	GlobalSection(SolutionConfigurationPlatforms) = preSolution
		Debug|Any CPU = Debug|Any CPU
		Release|Any CPU = Release|Any CPU
	EndGlobalSection
	GlobalSection(ProjectConfigurationPlatforms) = postSolution
		{0DBF27B9-4DE9-48B8-9E57-AE242F113863}.Debug|Any CPU.ActiveCfg = Debug|Any CPU
		{0DBF27B9-4DE9-48B8-9E57-AE242F113863}.Debug|Any CPU.Build.0 = Debug|Any CPU
		{0DBF27B9-4DE9-48B8-9E57-AE242F113863}.Release|Any CPU.ActiveCfg = Release|Any CPU
		{0DBF27B9-4DE9-48B8-9E57-AE242F113863}.Release|Any CPU.Build.0 = Release|Any CPU
		{24005223-4FD7-4355-B597-68F776F7A30D}.Debug|Any CPU.ActiveCfg = Debug|Any CPU
		{24005223-4FD7-4355-B597-68F776F7A30D}.Debug|Any CPU.Build.0 = Debug|Any CPU
		{24005223-4FD7-4355-B597-68F776F7A30D}.Release|Any CPU.ActiveCfg = Release|Any CPU
		{24005223-4FD7-4355-B597-68F776F7A30D}.Release|Any CPU.Build.0 = Release|Any CPU
	EndGlobalSection
	GlobalSection(SolutionProperties) = preSolution
		HideSolutionNode = FALSE
	EndGlobalSection
	GlobalSection(ExtensibilityGlobals) = postSolution
		SolutionGuid = {25E92B45-E73E-4D56-B7A5-2CC3BA4A7423}
	EndGlobalSection
EndGlobal
